// !$*UTF8*$!
{
	archiveVersion = 1;
	classes = {
	};
	objectVersion = 46;
	objects = {

/* Begin PBXBuildFile section */
		043C273E1F2FA61600C812A2 /* MailMessageHelper.swift in Sources */ = {isa = PBXBuildFile; fileRef = 043C273D1F2FA61600C812A2 /* MailMessageHelper.swift */; };
		043C27401F2FA6D900C812A2 /* MailMessage.swift in Sources */ = {isa = PBXBuildFile; fileRef = 043C273F1F2FA6D900C812A2 /* MailMessage.swift */; };
		043C27421F2FAE6E00C812A2 /* ErrorHelper.swift in Sources */ = {isa = PBXBuildFile; fileRef = 043C27411F2FAE6E00C812A2 /* ErrorHelper.swift */; };
		043C27451F2FB0F500C812A2 /* UIAlertController+FlickerApp.swift in Sources */ = {isa = PBXBuildFile; fileRef = 043C27441F2FB0F500C812A2 /* UIAlertController+FlickerApp.swift */; };
		043C27461F30214F00C812A2 /* PhotoGalleryUtilities.swift in Sources */ = {isa = PBXBuildFile; fileRef = 043E04561F2E6331004832EF /* PhotoGalleryUtilities.swift */; };
		043C27471F302FD100C812A2 /* PhotoLibraryService.swift in Sources */ = {isa = PBXBuildFile; fileRef = 043E04501F2D0660004832EF /* PhotoLibraryService.swift */; };
		043C27481F30328F00C812A2 /* NetworkOperations.swift in Sources */ = {isa = PBXBuildFile; fileRef = 043E04491F2CD68B004832EF /* NetworkOperations.swift */; };
		043C27491F30329500C812A2 /* NetworkURLS.swift in Sources */ = {isa = PBXBuildFile; fileRef = 043E044B1F2CD84E004832EF /* NetworkURLS.swift */; };
		043C274A1F3032CF00C812A2 /* Photo.swift in Sources */ = {isa = PBXBuildFile; fileRef = 043E04471F2CD120004832EF /* Photo.swift */; };
		043E040B1F2CA450004832EF /* Assets.xcassets in Resources */ = {isa = PBXBuildFile; fileRef = 043E040A1F2CA450004832EF /* Assets.xcassets */; };
		043E04191F2CA450004832EF /* FlickrAppTests.swift in Sources */ = {isa = PBXBuildFile; fileRef = 043E04181F2CA450004832EF /* FlickrAppTests.swift */; };
		043E04241F2CA450004832EF /* FlickrAppUITests.swift in Sources */ = {isa = PBXBuildFile; fileRef = 043E04231F2CA450004832EF /* FlickrAppUITests.swift */; };
		043E043E1F2CAC3F004832EF /* AppDelegate.swift in Sources */ = {isa = PBXBuildFile; fileRef = 043E043D1F2CAC3F004832EF /* AppDelegate.swift */; };
		043E04431F2CAC93004832EF /* LaunchScreen.storyboard in Resources */ = {isa = PBXBuildFile; fileRef = 043E043F1F2CAC92004832EF /* LaunchScreen.storyboard */; };
		043E04441F2CAC93004832EF /* Main.storyboard in Resources */ = {isa = PBXBuildFile; fileRef = 043E04411F2CAC93004832EF /* Main.storyboard */; };
		043E04461F2CACD3004832EF /* FlickrGalleryViewController.swift in Sources */ = {isa = PBXBuildFile; fileRef = 043E04451F2CACD3004832EF /* FlickrGalleryViewController.swift */; };
		043E04481F2CD120004832EF /* Photo.swift in Sources */ = {isa = PBXBuildFile; fileRef = 043E04471F2CD120004832EF /* Photo.swift */; };
		043E044A1F2CD68B004832EF /* NetworkOperations.swift in Sources */ = {isa = PBXBuildFile; fileRef = 043E04491F2CD68B004832EF /* NetworkOperations.swift */; };
		043E044C1F2CD84E004832EF /* NetworkURLS.swift in Sources */ = {isa = PBXBuildFile; fileRef = 043E044B1F2CD84E004832EF /* NetworkURLS.swift */; };
		043E04511F2D0660004832EF /* PhotoLibraryService.swift in Sources */ = {isa = PBXBuildFile; fileRef = 043E04501F2D0660004832EF /* PhotoLibraryService.swift */; };
		043E04531F2DF862004832EF /* FlickrGalleryTableViewCell.swift in Sources */ = {isa = PBXBuildFile; fileRef = 043E04521F2DF862004832EF /* FlickrGalleryTableViewCell.swift */; };
		043E04551F2E5876004832EF /* ShowPhotoViewController.swift in Sources */ = {isa = PBXBuildFile; fileRef = 043E04541F2E5876004832EF /* ShowPhotoViewController.swift */; };
		043E04571F2E6331004832EF /* PhotoGalleryUtilities.swift in Sources */ = {isa = PBXBuildFile; fileRef = 043E04561F2E6331004832EF /* PhotoGalleryUtilities.swift */; };
		04E5FE311F30B8CB0076BAFF /* Localizable.strings in Resources */ = {isa = PBXBuildFile; fileRef = 04E5FE301F30B8CB0076BAFF /* Localizable.strings */; };
		04E5FE331F30B8D90076BAFF /* Assets.xcassets in Resources */ = {isa = PBXBuildFile; fileRef = 04E5FE321F30B8D90076BAFF /* Assets.xcassets */; };
/* End PBXBuildFile section */

/* Begin PBXContainerItemProxy section */
		043E04151F2CA450004832EF /* PBXContainerItemProxy */ = {
			isa = PBXContainerItemProxy;
			containerPortal = 043E03F81F2CA450004832EF /* Project object */;
			proxyType = 1;
			remoteGlobalIDString = 043E03FF1F2CA450004832EF;
			remoteInfo = FlickrApp;
		};
		043E04201F2CA450004832EF /* PBXContainerItemProxy */ = {
			isa = PBXContainerItemProxy;
			containerPortal = 043E03F81F2CA450004832EF /* Project object */;
			proxyType = 1;
			remoteGlobalIDString = 043E03FF1F2CA450004832EF;
			remoteInfo = FlickrApp;
		};
/* End PBXContainerItemProxy section */

/* Begin PBXFileReference section */
		043C273D1F2FA61600C812A2 /* MailMessageHelper.swift */ = {isa = PBXFileReference; fileEncoding = 4; lastKnownFileType = sourcecode.swift; path = MailMessageHelper.swift; sourceTree = "<group>"; };
		043C273F1F2FA6D900C812A2 /* MailMessage.swift */ = {isa = PBXFileReference; fileEncoding = 4; lastKnownFileType = sourcecode.swift; path = MailMessage.swift; sourceTree = "<group>"; };
		043C27411F2FAE6E00C812A2 /* ErrorHelper.swift */ = {isa = PBXFileReference; fileEncoding = 4; lastKnownFileType = sourcecode.swift; path = ErrorHelper.swift; sourceTree = "<group>"; };
		043C27441F2FB0F500C812A2 /* UIAlertController+FlickerApp.swift */ = {isa = PBXFileReference; fileEncoding = 4; lastKnownFileType = sourcecode.swift; path = "UIAlertController+FlickerApp.swift"; sourceTree = "<group>"; };
		043E04001F2CA450004832EF /* FlickrApp.app */ = {isa = PBXFileReference; explicitFileType = wrapper.application; includeInIndex = 0; path = FlickrApp.app; sourceTree = BUILT_PRODUCTS_DIR; };
		043E040F1F2CA450004832EF /* Info.plist */ = {isa = PBXFileReference; lastKnownFileType = text.plist.xml; path = Info.plist; sourceTree = "<group>"; };
		043E04141F2CA450004832EF /* FlickrAppTests.xctest */ = {isa = PBXFileReference; explicitFileType = wrapper.cfbundle; includeInIndex = 0; path = FlickrAppTests.xctest; sourceTree = BUILT_PRODUCTS_DIR; };
		043E04181F2CA450004832EF /* FlickrAppTests.swift */ = {isa = PBXFileReference; lastKnownFileType = sourcecode.swift; path = FlickrAppTests.swift; sourceTree = "<group>"; };
		043E041A1F2CA450004832EF /* Info.plist */ = {isa = PBXFileReference; lastKnownFileType = text.plist.xml; path = Info.plist; sourceTree = "<group>"; };
		043E041F1F2CA450004832EF /* FlickrAppUITests.xctest */ = {isa = PBXFileReference; explicitFileType = wrapper.cfbundle; includeInIndex = 0; path = FlickrAppUITests.xctest; sourceTree = BUILT_PRODUCTS_DIR; };
		043E04231F2CA450004832EF /* FlickrAppUITests.swift */ = {isa = PBXFileReference; lastKnownFileType = sourcecode.swift; path = FlickrAppUITests.swift; sourceTree = "<group>"; };
		043E04251F2CA450004832EF /* Info.plist */ = {isa = PBXFileReference; lastKnownFileType = text.plist.xml; path = Info.plist; sourceTree = "<group>"; };
		043E043D1F2CAC3F004832EF /* AppDelegate.swift */ = {isa = PBXFileReference; fileEncoding = 4; lastKnownFileType = sourcecode.swift; path = AppDelegate.swift; sourceTree = "<group>"; };
		043E04401F2CAC92004832EF /* Base */ = {isa = PBXFileReference; lastKnownFileType = file.storyboard; name = Base; path = Base.lproj/LaunchScreen.storyboard; sourceTree = "<group>"; };
		043E04421F2CAC93004832EF /* Base */ = {isa = PBXFileReference; lastKnownFileType = file.storyboard; name = Base; path = Base.lproj/Main.storyboard; sourceTree = "<group>"; };
		043E04451F2CACD3004832EF /* FlickrGalleryViewController.swift */ = {isa = PBXFileReference; fileEncoding = 4; lastKnownFileType = sourcecode.swift; path = FlickrGalleryViewController.swift; sourceTree = "<group>"; };
		043E04471F2CD120004832EF /* Photo.swift */ = {isa = PBXFileReference; fileEncoding = 4; lastKnownFileType = sourcecode.swift; path = Photo.swift; sourceTree = "<group>"; };
		043E04491F2CD68B004832EF /* NetworkOperations.swift */ = {isa = PBXFileReference; fileEncoding = 4; lastKnownFileType = sourcecode.swift; path = NetworkOperations.swift; sourceTree = "<group>"; };
		043E044B1F2CD84E004832EF /* NetworkURLS.swift */ = {isa = PBXFileReference; fileEncoding = 4; lastKnownFileType = sourcecode.swift; path = NetworkURLS.swift; sourceTree = "<group>"; };
		043E04501F2D0660004832EF /* PhotoLibraryService.swift */ = {isa = PBXFileReference; fileEncoding = 4; lastKnownFileType = sourcecode.swift; path = PhotoLibraryService.swift; sourceTree = "<group>"; };
		043E04521F2DF862004832EF /* FlickrGalleryTableViewCell.swift */ = {isa = PBXFileReference; fileEncoding = 4; lastKnownFileType = sourcecode.swift; path = FlickrGalleryTableViewCell.swift; sourceTree = "<group>"; };
		043E04541F2E5876004832EF /* ShowPhotoViewController.swift */ = {isa = PBXFileReference; fileEncoding = 4; lastKnownFileType = sourcecode.swift; path = ShowPhotoViewController.swift; sourceTree = "<group>"; };
		043E04561F2E6331004832EF /* PhotoGalleryUtilities.swift */ = {isa = PBXFileReference; fileEncoding = 4; lastKnownFileType = sourcecode.swift; path = PhotoGalleryUtilities.swift; sourceTree = "<group>"; };
		04E5FE301F30B8CB0076BAFF /* Localizable.strings */ = {isa = PBXFileReference; fileEncoding = 4; lastKnownFileType = text.plist.strings; path = Localizable.strings; sourceTree = "<group>"; };
		04E5FE321F30B8D90076BAFF /* Assets.xcassets */ = {isa = PBXFileReference; lastKnownFileType = folder.assetcatalog; path = Assets.xcassets; sourceTree = "<group>"; };
/* End PBXFileReference section */

/* Begin PBXFrameworksBuildPhase section */
		043E03FD1F2CA450004832EF /* Frameworks */ = {
			isa = PBXFrameworksBuildPhase;
			buildActionMask = 2147483647;
			files = (
			);
			runOnlyForDeploymentPostprocessing = 0;
		};
		043E04111F2CA450004832EF /* Frameworks */ = {
			isa = PBXFrameworksBuildPhase;
			buildActionMask = 2147483647;
			files = (
			);
			runOnlyForDeploymentPostprocessing = 0;
		};
		043E041C1F2CA450004832EF /* Frameworks */ = {
			isa = PBXFrameworksBuildPhase;
			buildActionMask = 2147483647;
			files = (
			);
			runOnlyForDeploymentPostprocessing = 0;
		};
/* End PBXFrameworksBuildPhase section */

/* Begin PBXGroup section */
		043C273C1F2F91EB00C812A2 /* Utilities */ = {
			isa = PBXGroup;
			children = (
				043C273D1F2FA61600C812A2 /* MailMessageHelper.swift */,
				043C27411F2FAE6E00C812A2 /* ErrorHelper.swift */,
			);
			path = Utilities;
			sourceTree = "<group>";
		};
		043C27431F2FB0BF00C812A2 /* Extensions */ = {
			isa = PBXGroup;
			children = (
				043C27441F2FB0F500C812A2 /* UIAlertController+FlickerApp.swift */,
			);
			path = Extensions;
			sourceTree = "<group>";
		};
		043E03F71F2CA450004832EF = {
			isa = PBXGroup;
			children = (
				043E04021F2CA450004832EF /* FlickrApp */,
				043E04171F2CA450004832EF /* FlickrAppTests */,
				043E04221F2CA450004832EF /* FlickrAppUITests */,
				043E04011F2CA450004832EF /* Products */,
			);
			sourceTree = "<group>";
		};
		043E04011F2CA450004832EF /* Products */ = {
			isa = PBXGroup;
			children = (
				043E04001F2CA450004832EF /* FlickrApp.app */,
				043E04141F2CA450004832EF /* FlickrAppTests.xctest */,
				043E041F1F2CA450004832EF /* FlickrAppUITests.xctest */,
			);
			name = Products;
			sourceTree = "<group>";
		};
		043E04021F2CA450004832EF /* FlickrApp */ = {
			isa = PBXGroup;
			children = (
				043E043B1F2CAB4A004832EF /* Models */,
				043E04391F2CAAEB004832EF /* Library */,
				043E04381F2CAABB004832EF /* Services */,
				043E04341F2CA90C004832EF /* UI */,
				043E04321F2CA8C8004832EF /* Resources */,
				043E04311F2CA8A5004832EF /* Application */,
				043E040F1F2CA450004832EF /* Info.plist */,
			);
			path = FlickrApp;
			sourceTree = "<group>";
		};
		043E04171F2CA450004832EF /* FlickrAppTests */ = {
			isa = PBXGroup;
			children = (
				043E04181F2CA450004832EF /* FlickrAppTests.swift */,
				043E041A1F2CA450004832EF /* Info.plist */,
			);
			path = FlickrAppTests;
			sourceTree = "<group>";
		};
		043E04221F2CA450004832EF /* FlickrAppUITests */ = {
			isa = PBXGroup;
			children = (
				043E04231F2CA450004832EF /* FlickrAppUITests.swift */,
				043E04251F2CA450004832EF /* Info.plist */,
			);
			path = FlickrAppUITests;
			sourceTree = "<group>";
		};
		043E04311F2CA8A5004832EF /* Application */ = {
			isa = PBXGroup;
			children = (
				043E043D1F2CAC3F004832EF /* AppDelegate.swift */,
			);
			path = Application;
			sourceTree = "<group>";
		};
		043E04321F2CA8C8004832EF /* Resources */ = {
			isa = PBXGroup;
			children = (
				04E5FE321F30B8D90076BAFF /* Assets.xcassets */,
				04E5FE301F30B8CB0076BAFF /* Localizable.strings */,
			);
			path = Resources;
			sourceTree = "<group>";
		};
		043E04341F2CA90C004832EF /* UI */ = {
			isa = PBXGroup;
			children = (
				043E04351F2CA930004832EF /* ImageGallery */,
			);
			path = UI;
			sourceTree = "<group>";
		};
		043E04351F2CA930004832EF /* ImageGallery */ = {
			isa = PBXGroup;
			children = (
				043E043C1F2CABD9004832EF /* Storyboards */,
				043E04371F2CA9F0004832EF /* Controllers */,
				043E04361F2CA9DF004832EF /* Views */,
			);
			path = ImageGallery;
			sourceTree = "<group>";
		};
		043E04361F2CA9DF004832EF /* Views */ = {
			isa = PBXGroup;
			children = (
				043E04521F2DF862004832EF /* FlickrGalleryTableViewCell.swift */,
			);
			path = Views;
			sourceTree = "<group>";
		};
		043E04371F2CA9F0004832EF /* Controllers */ = {
			isa = PBXGroup;
			children = (
				043E04451F2CACD3004832EF /* FlickrGalleryViewController.swift */,
				043E04541F2E5876004832EF /* ShowPhotoViewController.swift */,
			);
			path = Controllers;
			sourceTree = "<group>";
		};
		043E04381F2CAABB004832EF /* Services */ = {
			isa = PBXGroup;
			children = (
				043E044F1F2D0629004832EF /* PhotoGalleryManager */,
			);
			path = Services;
			sourceTree = "<group>";
		};
		043E04391F2CAAEB004832EF /* Library */ = {
			isa = PBXGroup;
			children = (
				043C27431F2FB0BF00C812A2 /* Extensions */,
				043C273C1F2F91EB00C812A2 /* Utilities */,
				043E043A1F2CAAF6004832EF /* Helpers */,
			);
			path = Library;
			sourceTree = "<group>";
		};
		043E043A1F2CAAF6004832EF /* Helpers */ = {
			isa = PBXGroup;
			children = (
				043E04491F2CD68B004832EF /* NetworkOperations.swift */,
				043E044B1F2CD84E004832EF /* NetworkURLS.swift */,
			);
			path = Helpers;
			sourceTree = "<group>";
		};
		043E043B1F2CAB4A004832EF /* Models */ = {
			isa = PBXGroup;
			children = (
				043E04471F2CD120004832EF /* Photo.swift */,
				043C273F1F2FA6D900C812A2 /* MailMessage.swift */,
			);
			path = Models;
			sourceTree = "<group>";
		};
		043E043C1F2CABD9004832EF /* Storyboards */ = {
			isa = PBXGroup;
			children = (
				043E043F1F2CAC92004832EF /* LaunchScreen.storyboard */,
				043E04411F2CAC93004832EF /* Main.storyboard */,
			);
			path = Storyboards;
			sourceTree = "<group>";
		};
		043E044F1F2D0629004832EF /* PhotoGalleryManager */ = {
			isa = PBXGroup;
			children = (
				043E04501F2D0660004832EF /* PhotoLibraryService.swift */,
				043E04561F2E6331004832EF /* PhotoGalleryUtilities.swift */,
			);
			path = PhotoGalleryManager;
			sourceTree = "<group>";
		};
/* End PBXGroup section */

/* Begin PBXNativeTarget section */
		043E03FF1F2CA450004832EF /* FlickrApp */ = {
			isa = PBXNativeTarget;
			buildConfigurationList = 043E04281F2CA450004832EF /* Build configuration list for PBXNativeTarget "FlickrApp" */;
			buildPhases = (
				043E03FC1F2CA450004832EF /* Sources */,
				043E03FD1F2CA450004832EF /* Frameworks */,
				043E03FE1F2CA450004832EF /* Resources */,
			);
			buildRules = (
			);
			dependencies = (
			);
			name = FlickrApp;
			productName = FlickrApp;
			productReference = 043E04001F2CA450004832EF /* FlickrApp.app */;
			productType = "com.apple.product-type.application";
		};
		043E04131F2CA450004832EF /* FlickrAppTests */ = {
			isa = PBXNativeTarget;
			buildConfigurationList = 043E042B1F2CA450004832EF /* Build configuration list for PBXNativeTarget "FlickrAppTests" */;
			buildPhases = (
				043E04101F2CA450004832EF /* Sources */,
				043E04111F2CA450004832EF /* Frameworks */,
				043E04121F2CA450004832EF /* Resources */,
			);
			buildRules = (
			);
			dependencies = (
				043E04161F2CA450004832EF /* PBXTargetDependency */,
			);
			name = FlickrAppTests;
			productName = FlickrAppTests;
			productReference = 043E04141F2CA450004832EF /* FlickrAppTests.xctest */;
			productType = "com.apple.product-type.bundle.unit-test";
		};
		043E041E1F2CA450004832EF /* FlickrAppUITests */ = {
			isa = PBXNativeTarget;
			buildConfigurationList = 043E042E1F2CA450004832EF /* Build configuration list for PBXNativeTarget "FlickrAppUITests" */;
			buildPhases = (
				043E041B1F2CA450004832EF /* Sources */,
				043E041C1F2CA450004832EF /* Frameworks */,
				043E041D1F2CA450004832EF /* Resources */,
			);
			buildRules = (
			);
			dependencies = (
				043E04211F2CA450004832EF /* PBXTargetDependency */,
			);
			name = FlickrAppUITests;
			productName = FlickrAppUITests;
			productReference = 043E041F1F2CA450004832EF /* FlickrAppUITests.xctest */;
			productType = "com.apple.product-type.bundle.ui-testing";
		};
/* End PBXNativeTarget section */

/* Begin PBXProject section */
		043E03F81F2CA450004832EF /* Project object */ = {
			isa = PBXProject;
			attributes = {
				LastSwiftUpdateCheck = 0830;
				LastUpgradeCheck = 0830;
				ORGANIZATIONNAME = "Pankaj Sachdeva";
				TargetAttributes = {
					043E03FF1F2CA450004832EF = {
						CreatedOnToolsVersion = 8.3;
						DevelopmentTeam = PT3458AS75;
						ProvisioningStyle = Automatic;
					};
					043E04131F2CA450004832EF = {
						CreatedOnToolsVersion = 8.3;
						DevelopmentTeam = FXS9H5X65A;
						ProvisioningStyle = Automatic;
						TestTargetID = 043E03FF1F2CA450004832EF;
					};
					043E041E1F2CA450004832EF = {
						CreatedOnToolsVersion = 8.3;
						DevelopmentTeam = FXS9H5X65A;
						ProvisioningStyle = Automatic;
						TestTargetID = 043E03FF1F2CA450004832EF;
					};
				};
			};
			buildConfigurationList = 043E03FB1F2CA450004832EF /* Build configuration list for PBXProject "FlickrApp" */;
			compatibilityVersion = "Xcode 3.2";
			developmentRegion = English;
			hasScannedForEncodings = 0;
			knownRegions = (
				en,
				Base,
			);
			mainGroup = 043E03F71F2CA450004832EF;
			productRefGroup = 043E04011F2CA450004832EF /* Products */;
			projectDirPath = "";
			projectRoot = "";
			targets = (
				043E03FF1F2CA450004832EF /* FlickrApp */,
				043E04131F2CA450004832EF /* FlickrAppTests */,
				043E041E1F2CA450004832EF /* FlickrAppUITests */,
			);
		};
/* End PBXProject section */

/* Begin PBXResourcesBuildPhase section */
		043E03FE1F2CA450004832EF /* Resources */ = {
			isa = PBXResourcesBuildPhase;
			buildActionMask = 2147483647;
			files = (
				043E04441F2CAC93004832EF /* Main.storyboard in Resources */,
				04E5FE311F30B8CB0076BAFF /* Localizable.strings in Resources */,
				04E5FE331F30B8D90076BAFF /* Assets.xcassets in Resources */,
				043E04431F2CAC93004832EF /* LaunchScreen.storyboard in Resources */,
			);
			runOnlyForDeploymentPostprocessing = 0;
		};
		043E04121F2CA450004832EF /* Resources */ = {
			isa = PBXResourcesBuildPhase;
			buildActionMask = 2147483647;
			files = (
			);
			runOnlyForDeploymentPostprocessing = 0;
		};
		043E041D1F2CA450004832EF /* Resources */ = {
			isa = PBXResourcesBuildPhase;
			buildActionMask = 2147483647;
			files = (
			);
			runOnlyForDeploymentPostprocessing = 0;
		};
/* End PBXResourcesBuildPhase section */

/* Begin PBXSourcesBuildPhase section */
		043E03FC1F2CA450004832EF /* Sources */ = {
			isa = PBXSourcesBuildPhase;
			buildActionMask = 2147483647;
			files = (
				043C273E1F2FA61600C812A2 /* MailMessageHelper.swift in Sources */,
				043C27451F2FB0F500C812A2 /* UIAlertController+FlickerApp.swift in Sources */,
				043C27401F2FA6D900C812A2 /* MailMessage.swift in Sources */,
				043E04571F2E6331004832EF /* PhotoGalleryUtilities.swift in Sources */,
				043E04511F2D0660004832EF /* PhotoLibraryService.swift in Sources */,
				043E044A1F2CD68B004832EF /* NetworkOperations.swift in Sources */,
				043E04551F2E5876004832EF /* ShowPhotoViewController.swift in Sources */,
				043E04481F2CD120004832EF /* Photo.swift in Sources */,
				043E04461F2CACD3004832EF /* FlickrGalleryViewController.swift in Sources */,
				043E043E1F2CAC3F004832EF /* AppDelegate.swift in Sources */,
				043E044C1F2CD84E004832EF /* NetworkURLS.swift in Sources */,
				043C27421F2FAE6E00C812A2 /* ErrorHelper.swift in Sources */,
				043E04531F2DF862004832EF /* FlickrGalleryTableViewCell.swift in Sources */,
			);
			runOnlyForDeploymentPostprocessing = 0;
		};
		043E04101F2CA450004832EF /* Sources */ = {
			isa = PBXSourcesBuildPhase;
			buildActionMask = 2147483647;
			files = (
				043C274A1F3032CF00C812A2 /* Photo.swift in Sources */,
				043C27481F30328F00C812A2 /* NetworkOperations.swift in Sources */,
				043C27471F302FD100C812A2 /* PhotoLibraryService.swift in Sources */,
				043C27461F30214F00C812A2 /* PhotoGalleryUtilities.swift in Sources */,
				043E04191F2CA450004832EF /* FlickrAppTests.swift in Sources */,
				043C27491F30329500C812A2 /* NetworkURLS.swift in Sources */,
			);
			runOnlyForDeploymentPostprocessing = 0;
		};
		043E041B1F2CA450004832EF /* Sources */ = {
			isa = PBXSourcesBuildPhase;
			buildActionMask = 2147483647;
			files = (
				043E04241F2CA450004832EF /* FlickrAppUITests.swift in Sources */,
			);
			runOnlyForDeploymentPostprocessing = 0;
		};
/* End PBXSourcesBuildPhase section */

/* Begin PBXTargetDependency section */
		043E04161F2CA450004832EF /* PBXTargetDependency */ = {
			isa = PBXTargetDependency;
			target = 043E03FF1F2CA450004832EF /* FlickrApp */;
			targetProxy = 043E04151F2CA450004832EF /* PBXContainerItemProxy */;
		};
		043E04211F2CA450004832EF /* PBXTargetDependency */ = {
			isa = PBXTargetDependency;
			target = 043E03FF1F2CA450004832EF /* FlickrApp */;
			targetProxy = 043E04201F2CA450004832EF /* PBXContainerItemProxy */;
		};
/* End PBXTargetDependency section */

/* Begin PBXVariantGroup section */
		043E043F1F2CAC92004832EF /* LaunchScreen.storyboard */ = {
			isa = PBXVariantGroup;
			children = (
				043E04401F2CAC92004832EF /* Base */,
			);
			name = LaunchScreen.storyboard;
			sourceTree = "<group>";
		};
		043E04411F2CAC93004832EF /* Main.storyboard */ = {
			isa = PBXVariantGroup;
			children = (
				043E04421F2CAC93004832EF /* Base */,
			);
			name = Main.storyboard;
			sourceTree = "<group>";
		};
/* End PBXVariantGroup section */

/* Begin XCBuildConfiguration section */
		043E04261F2CA450004832EF /* Debug */ = {
			isa = XCBuildConfiguration;
			buildSettings = {
				ALWAYS_SEARCH_USER_PATHS = NO;
				CLANG_ANALYZER_NONNULL = YES;
				CLANG_ANALYZER_NUMBER_OBJECT_CONVERSION = YES_AGGRESSIVE;
				CLANG_CXX_LANGUAGE_STANDARD = "gnu++0x";
				CLANG_CXX_LIBRARY = "libc++";
				CLANG_ENABLE_MODULES = YES;
				CLANG_ENABLE_OBJC_ARC = YES;
				CLANG_WARN_BOOL_CONVERSION = YES;
				CLANG_WARN_CONSTANT_CONVERSION = YES;
				CLANG_WARN_DIRECT_OBJC_ISA_USAGE = YES_ERROR;
				CLANG_WARN_DOCUMENTATION_COMMENTS = YES;
				CLANG_WARN_EMPTY_BODY = YES;
				CLANG_WARN_ENUM_CONVERSION = YES;
				CLANG_WARN_INFINITE_RECURSION = YES;
				CLANG_WARN_INT_CONVERSION = YES;
				CLANG_WARN_OBJC_ROOT_CLASS = YES_ERROR;
				CLANG_WARN_SUSPICIOUS_MOVE = YES;
				CLANG_WARN_UNREACHABLE_CODE = YES;
				CLANG_WARN__DUPLICATE_METHOD_MATCH = YES;
				"CODE_SIGN_IDENTITY[sdk=iphoneos*]" = "iPhone Developer";
				COPY_PHASE_STRIP = NO;
				DEBUG_INFORMATION_FORMAT = dwarf;
				ENABLE_STRICT_OBJC_MSGSEND = YES;
				ENABLE_TESTABILITY = YES;
				GCC_C_LANGUAGE_STANDARD = gnu99;
				GCC_DYNAMIC_NO_PIC = NO;
				GCC_NO_COMMON_BLOCKS = YES;
				GCC_OPTIMIZATION_LEVEL = 0;
				GCC_PREPROCESSOR_DEFINITIONS = (
					"DEBUG=1",
					"$(inherited)",
				);
				GCC_WARN_64_TO_32_BIT_CONVERSION = YES;
				GCC_WARN_ABOUT_RETURN_TYPE = YES_ERROR;
				GCC_WARN_UNDECLARED_SELECTOR = YES;
				GCC_WARN_UNINITIALIZED_AUTOS = YES_AGGRESSIVE;
				GCC_WARN_UNUSED_FUNCTION = YES;
				GCC_WARN_UNUSED_VARIABLE = YES;
				IPHONEOS_DEPLOYMENT_TARGET = 10.3;
				MTL_ENABLE_DEBUG_INFO = YES;
				ONLY_ACTIVE_ARCH = YES;
				SDKROOT = iphoneos;
				SWIFT_ACTIVE_COMPILATION_CONDITIONS = DEBUG;
				SWIFT_OPTIMIZATION_LEVEL = "-Onone";
				TARGETED_DEVICE_FAMILY = "1,2";
			};
			name = Debug;
		};
		043E04271F2CA450004832EF /* Release */ = {
			isa = XCBuildConfiguration;
			buildSettings = {
				ALWAYS_SEARCH_USER_PATHS = NO;
				CLANG_ANALYZER_NONNULL = YES;
				CLANG_ANALYZER_NUMBER_OBJECT_CONVERSION = YES_AGGRESSIVE;
				CLANG_CXX_LANGUAGE_STANDARD = "gnu++0x";
				CLANG_CXX_LIBRARY = "libc++";
				CLANG_ENABLE_MODULES = YES;
				CLANG_ENABLE_OBJC_ARC = YES;
				CLANG_WARN_BOOL_CONVERSION = YES;
				CLANG_WARN_CONSTANT_CONVERSION = YES;
				CLANG_WARN_DIRECT_OBJC_ISA_USAGE = YES_ERROR;
				CLANG_WARN_DOCUMENTATION_COMMENTS = YES;
				CLANG_WARN_EMPTY_BODY = YES;
				CLANG_WARN_ENUM_CONVERSION = YES;
				CLANG_WARN_INFINITE_RECURSION = YES;
				CLANG_WARN_INT_CONVERSION = YES;
				CLANG_WARN_OBJC_ROOT_CLASS = YES_ERROR;
				CLANG_WARN_SUSPICIOUS_MOVE = YES;
				CLANG_WARN_UNREACHABLE_CODE = YES;
				CLANG_WARN__DUPLICATE_METHOD_MATCH = YES;
				"CODE_SIGN_IDENTITY[sdk=iphoneos*]" = "iPhone Developer";
				COPY_PHASE_STRIP = NO;
				DEBUG_INFORMATION_FORMAT = "dwarf-with-dsym";
				ENABLE_NS_ASSERTIONS = NO;
				ENABLE_STRICT_OBJC_MSGSEND = YES;
				GCC_C_LANGUAGE_STANDARD = gnu99;
				GCC_NO_COMMON_BLOCKS = YES;
				GCC_WARN_64_TO_32_BIT_CONVERSION = YES;
				GCC_WARN_ABOUT_RETURN_TYPE = YES_ERROR;
				GCC_WARN_UNDECLARED_SELECTOR = YES;
				GCC_WARN_UNINITIALIZED_AUTOS = YES_AGGRESSIVE;
				GCC_WARN_UNUSED_FUNCTION = YES;
				GCC_WARN_UNUSED_VARIABLE = YES;
				IPHONEOS_DEPLOYMENT_TARGET = 10.3;
				MTL_ENABLE_DEBUG_INFO = NO;
				SDKROOT = iphoneos;
				SWIFT_OPTIMIZATION_LEVEL = "-Owholemodule";
				TARGETED_DEVICE_FAMILY = "1,2";
				VALIDATE_PRODUCT = YES;
			};
			name = Release;
		};
		043E04291F2CA450004832EF /* Debug */ = {
			isa = XCBuildConfiguration;
			buildSettings = {
				ASSETCATALOG_COMPILER_APPICON_NAME = AppIcon;
				DEVELOPMENT_TEAM = PT3458AS75;
				INFOPLIST_FILE = FlickrApp/Info.plist;
				IPHONEOS_DEPLOYMENT_TARGET = 9.1;
				LD_RUNPATH_SEARCH_PATHS = "$(inherited) @executable_path/Frameworks";
				PRODUCT_BUNDLE_IDENTIFIER = com.tigerspike.FlickrApp;
				PRODUCT_NAME = "$(TARGET_NAME)";
				SWIFT_VERSION = 3.0;
			};
			name = Debug;
		};
		043E042A1F2CA450004832EF /* Release */ = {
			isa = XCBuildConfiguration;
			buildSettings = {
				ASSETCATALOG_COMPILER_APPICON_NAME = AppIcon;
				DEVELOPMENT_TEAM = PT3458AS75;
				INFOPLIST_FILE = FlickrApp/Info.plist;
				IPHONEOS_DEPLOYMENT_TARGET = 9.1;
				LD_RUNPATH_SEARCH_PATHS = "$(inherited) @executable_path/Frameworks";
				PRODUCT_BUNDLE_IDENTIFIER = com.tigerspike.FlickrApp;
				PRODUCT_NAME = "$(TARGET_NAME)";
				SWIFT_VERSION = 3.0;
			};
			name = Release;
		};
		043E042C1F2CA450004832EF /* Debug */ = {
			isa = XCBuildConfiguration;
			buildSettings = {
				ALWAYS_EMBED_SWIFT_STANDARD_LIBRARIES = YES;
				BUNDLE_LOADER = "$(TEST_HOST)";
				DEVELOPMENT_TEAM = FXS9H5X65A;
				INFOPLIST_FILE = FlickrAppTests/Info.plist;
				LD_RUNPATH_SEARCH_PATHS = "$(inherited) @executable_path/Frameworks @loader_path/Frameworks";
				PRODUCT_BUNDLE_IDENTIFIER = com.tigerspike.FlickrAppTests;
				PRODUCT_NAME = "$(TARGET_NAME)";
				SWIFT_VERSION = 3.0;
				TEST_HOST = "$(BUILT_PRODUCTS_DIR)/FlickrApp.app/FlickrApp";
			};
			name = Debug;
		};
		043E042D1F2CA450004832EF /* Release */ = {
			isa = XCBuildConfiguration;
			buildSettings = {
				ALWAYS_EMBED_SWIFT_STANDARD_LIBRARIES = YES;
				BUNDLE_LOADER = "$(TEST_HOST)";
				DEVELOPMENT_TEAM = FXS9H5X65A;
				INFOPLIST_FILE = FlickrAppTests/Info.plist;
				LD_RUNPATH_SEARCH_PATHS = "$(inherited) @executable_path/Frameworks @loader_path/Frameworks";
				PRODUCT_BUNDLE_IDENTIFIER = com.tigerspike.FlickrAppTests;
				PRODUCT_NAME = "$(TARGET_NAME)";
				SWIFT_VERSION = 3.0;
				TEST_HOST = "$(BUILT_PRODUCTS_DIR)/FlickrApp.app/FlickrApp";
			};
			name = Release;
		};
		043E042F1F2CA450004832EF /* Debug */ = {
			isa = XCBuildConfiguration;
			buildSettings = {
				ALWAYS_EMBED_SWIFT_STANDARD_LIBRARIES = YES;
				DEVELOPMENT_TEAM = FXS9H5X65A;
				INFOPLIST_FILE = FlickrAppUITests/Info.plist;
				LD_RUNPATH_SEARCH_PATHS = "$(inherited) @executable_path/Frameworks @loader_path/Frameworks";
				PRODUCT_BUNDLE_IDENTIFIER = com.tigerspike.FlickrAppUITests;
				PRODUCT_NAME = "$(TARGET_NAME)";
				SWIFT_VERSION = 3.0;
				TEST_TARGET_NAME = FlickrApp;
			};
			name = Debug;
		};
		043E04301F2CA450004832EF /* Release */ = {
			isa = XCBuildConfiguration;
			buildSettings = {
				ALWAYS_EMBED_SWIFT_STANDARD_LIBRARIES = YES;
				DEVELOPMENT_TEAM = FXS9H5X65A;
				INFOPLIST_FILE = FlickrAppUITests/Info.plist;
				LD_RUNPATH_SEARCH_PATHS = "$(inherited) @executable_path/Frameworks @loader_path/Frameworks";
				PRODUCT_BUNDLE_IDENTIFIER = com.tigerspike.FlickrAppUITests;
				PRODUCT_NAME = "$(TARGET_NAME)";
				SWIFT_VERSION = 3.0;
				TEST_TARGET_NAME = FlickrApp;
			};
			name = Release;
		};
/* End XCBuildConfiguration section */

/* Begin XCConfigurationList section */
		043E03FB1F2CA450004832EF /* Build configuration list for PBXProject "FlickrApp" */ = {
			isa = XCConfigurationList;
			buildConfigurations = (
				043E04261F2CA450004832EF /* Debug */,
				043E04271F2CA450004832EF /* Release */,
			);
			defaultConfigurationIsVisible = 0;
			defaultConfigurationName = Release;
		};
		043E04281F2CA450004832EF /* Build configuration list for PBXNativeTarget "FlickrApp" */ = {
			isa = XCConfigurationList;
			buildConfigurations = (
				043E04291F2CA450004832EF /* Debug */,
				043E042A1F2CA450004832EF /* Release */,
			);
			defaultConfigurationIsVisible = 0;
			defaultConfigurationName = Release;
		};
		043E042B1F2CA450004832EF /* Build configuration list for PBXNativeTarget "FlickrAppTests" */ = {
			isa = XCConfigurationList;
			buildConfigurations = (
				043E042C1F2CA450004832EF /* Debug */,
				043E042D1F2CA450004832EF /* Release */,
			);
			defaultConfigurationIsVisible = 0;
			defaultConfigurationName = Release;
		};
		043E042E1F2CA450004832EF /* Build configuration list for PBXNativeTarget "FlickrAppUITests" */ = {
			isa = XCConfigurationList;
			buildConfigurations = (
				043E042F1F2CA450004832EF /* Debug */,
				043E04301F2CA450004832EF /* Release */,
			);
			defaultConfigurationIsVisible = 0;
			defaultConfigurationName = Release;
		};
/* End XCConfigurationList section */
	};
	rootObject = 043E03F81F2CA450004832EF /* Project object */;
}
